<?xml version="1.0" encoding="utf-8"?>
<Project ToolsVersion="4.0" xmlns="http://schemas.microsoft.com/developer/msbuild/2003">
  <ItemGroup>
    <Filter Include="Fichiers sources">
      <UniqueIdentifier>{4FC737F1-C7A5-4376-A066-2A32D752A2FF}</UniqueIdentifier>
      <Extensions>cpp;c;cc;cxx;def;odl;idl;hpj;bat;asm;asmx</Extensions>
    </Filter>
    <Filter Include="Fichiers d%27en-tête">
      <UniqueIdentifier>{93995380-89BD-4b04-88EB-625FBE52EBFB}</UniqueIdentifier>
      <Extensions>h;hpp;hxx;hm;inl;inc;xsd</Extensions>
    </Filter>
    <Filter Include="Fichiers de ressources">
      <UniqueIdentifier>{67DA6AB6-F800-4c08-8B7A-83BB121AAD01}</UniqueIdentifier>
      <Extensions>rc;ico;cur;bmp;dlg;rc2;rct;bin;rgs;gif;jpg;jpeg;jpe;resx;tiff;tif;png;wav;mfcribbon-ms</Extensions>
    </Filter>
    <Filter Include="Fichiers sources\EtherCard">
      <UniqueIdentifier>{7b91c2e5-cb35-4f26-8029-2eb2ed6f970d}</UniqueIdentifier>
    </Filter>
    <Filter Include="Fichiers sources\Dallas">
      <UniqueIdentifier>{aa164dce-1060-4d1e-ab63-fd42f5419367}</UniqueIdentifier>
    </Filter>
  </ItemGroup>
  <ItemGroup>
    <None Include="xPL_Temperature.ino" />
  </ItemGroup>
  <ItemGroup>
    <ClInclude Include="..\libraries\xPL\xPL.h">
      <Filter>Fichiers d%27en-tête</Filter>
    </ClInclude>
    <ClInclude Include="..\libraries\xPL\utility\xPL_Adapter.h">
      <Filter>Fichiers d%27en-tête</Filter>
    </ClInclude>
    <ClInclude Include="..\libraries\xPL_EtherCard\xPL_AdapterENC28J60.h">
      <Filter>Fichiers d%27en-tête</Filter>
    </ClInclude>
    <ClInclude Include="..\libraries\xPL\utility\xpl_AdapterEthernet.h">
      <Filter>Fichiers d%27en-tête</Filter>
    </ClInclude>
    <ClInclude Include="..\libraries\xPL\utility\xPL_BufferFiller.h">
      <Filter>Fichiers d%27en-tête</Filter>
    </ClInclude>
    <ClInclude Include="..\libraries\xPL\utility\xPL_Debug.h">
      <Filter>Fichiers d%27en-tête</Filter>
    </ClInclude>
    <ClInclude Include="..\libraries\xPL\utility\xPL_Define.h">
      <Filter>Fichiers d%27en-tête</Filter>
    </ClInclude>
    <ClInclude Include="..\libraries\xPL\utility\xPL_Eeprom.h">
      <Filter>Fichiers d%27en-tête</Filter>
    </ClInclude>
    <ClInclude Include="..\libraries\xPL\utility\xPL_Event.h">
      <Filter>Fichiers d%27en-tête</Filter>
    </ClInclude>
    <ClInclude Include="..\libraries\xPL\utility\xPL_Message.h">
      <Filter>Fichiers d%27en-tête</Filter>
    </ClInclude>
    <ClInclude Include="..\libraries\xPL\utility\xPL_Node.h">
      <Filter>Fichiers d%27en-tête</Filter>
    </ClInclude>
    <ClInclude Include="..\libraries\xPL\utility\xPL_Schema.h">
      <Filter>Fichiers d%27en-tête</Filter>
    </ClInclude>
    <ClInclude Include="..\libraries\xPL_Sensor\xPL_Sensor.h">
      <Filter>Fichiers d%27en-tête</Filter>
    </ClInclude>
    <ClInclude Include="..\libraries\xPL\utility\xPL_String.h">
      <Filter>Fichiers d%27en-tête</Filter>
    </ClInclude>
    <ClInclude Include="..\libraries\xPL\utility\xPL_StringList.h">
      <Filter>Fichiers d%27en-tête</Filter>
    </ClInclude>
    <ClInclude Include="..\libraries\xPL\utility\xPL_Hbeat.h">
      <Filter>Fichiers d%27en-tête</Filter>
    </ClInclude>
    <ClInclude Include="..\libraries\xPL\utility\xPL_Numeric.h">
      <Filter>Fichiers d%27en-tête</Filter>
    </ClInclude>
    <ClInclude Include="..\libraries\xPL_Config\xPL_Config.h">
      <Filter>Fichiers d%27en-tête</Filter>
    </ClInclude>
    <ClInclude Include="..\libraries\xPL_Ethernet\xPL_AdapterW5100.h">
      <Filter>Fichiers d%27en-tête</Filter>
    </ClInclude>
    <ClInclude Include="..\libraries\EtherCard\EtherCard.h">
      <Filter>Fichiers d%27en-tête</Filter>
    </ClInclude>
    <ClInclude Include="..\libraries\xPL_ENC28J60\xPL_ENC28J60.h">
      <Filter>Fichiers d%27en-tête</Filter>
    </ClInclude>
    <ClInclude Include="..\libraries\xPL\utility\vstring.h">
      <Filter>Fichiers d%27en-tête</Filter>
    </ClInclude>
    <ClInclude Include="Visual Micro\.xPL_Temperature.vsarduino.h">
      <Filter>Fichiers d%27en-tête</Filter>
    </ClInclude>
    <ClInclude Include="..\libraries\DallasTemperature\DallasTemperature.h">
      <Filter>Fichiers sources\Dallas</Filter>
    </ClInclude>
  </ItemGroup>
  <ItemGroup>
    <ClCompile Include="..\libraries\xPL\xPL.cpp">
      <Filter>Fichiers sources</Filter>
    </ClCompile>
    <ClCompile Include="..\libraries\xPL\utility\xPL_Adapter.cpp">
      <Filter>Fichiers sources</Filter>
    </ClCompile>
    <ClCompile Include="..\libraries\xPL\utility\xpl_AdapterEthernet.cpp">
      <Filter>Fichiers sources</Filter>
    </ClCompile>
    <ClCompile Include="..\libraries\xPL\utility\xPL_BufferFiller.cpp">
      <Filter>Fichiers sources</Filter>
    </ClCompile>
    <ClCompile Include="..\libraries\xPL\utility\xPL_Debug.cpp">
      <Filter>Fichiers sources</Filter>
    </ClCompile>
    <ClCompile Include="..\libraries\xPL\utility\xPL_Eeprom.cpp">
      <Filter>Fichiers sources</Filter>
    </ClCompile>
    <ClCompile Include="..\libraries\xPL\utility\xPL_Event.cpp">
      <Filter>Fichiers sources</Filter>
    </ClCompile>
    <ClCompile Include="..\libraries\xPL\utility\xPL_Hbeat.cpp">
      <Filter>Fichiers sources</Filter>
    </ClCompile>
    <ClCompile Include="..\libraries\xPL\utility\xPL_Message.cpp">
      <Filter>Fichiers sources</Filter>
    </ClCompile>
    <ClCompile Include="..\libraries\xPL\utility\xPL_Node.cpp">
      <Filter>Fichiers sources</Filter>
    </ClCompile>
    <ClCompile Include="..\libraries\xPL\utility\xPL_String.cpp">
      <Filter>Fichiers sources</Filter>
    </ClCompile>
    <ClCompile Include="..\libraries\xPL\utility\xPL_Schema.cpp">
      <Filter>Fichiers sources</Filter>
    </ClCompile>
    <ClCompile Include="..\libraries\xPL_EtherCard\xPL_AdapterENC28J60.cpp">
      <Filter>Fichiers sources</Filter>
    </ClCompile>
    <ClCompile Include="..\libraries\xPL_Sensor\xPL_Sensor.cpp">
      <Filter>Fichiers sources</Filter>
    </ClCompile>
    <ClCompile Include="..\libraries\xPL_Ethernet\xPL_AdapterW5100.cpp">
      <Filter>Fichiers sources</Filter>
    </ClCompile>
    <ClCompile Include="..\libraries\xPL_Config\xPL_Config.cpp">
      <Filter>Fichiers sources</Filter>
    </ClCompile>
    <ClCompile Include="..\libraries\EtherCard\EtherCard.cpp">
      <Filter>Fichiers sources\EtherCard</Filter>
    </ClCompile>
    <ClCompile Include="..\libraries\EtherCard\tcpip.cpp">
      <Filter>Fichiers sources\EtherCard</Filter>
    </ClCompile>
    <ClCompile Include="..\libraries\EtherCard\webutil.cpp">
      <Filter>Fichiers sources\EtherCard</Filter>
    </ClCompile>
    <ClCompile Include="..\libraries\EtherCard\dhcp.cpp">
      <Filter>Fichiers sources\EtherCard</Filter>
    </ClCompile>
    <ClCompile Include="..\libraries\EtherCard\dns.cpp">
      <Filter>Fichiers sources\EtherCard</Filter>
    </ClCompile>
    <ClCompile Include="..\libraries\EtherCard\enc28j60.cpp">
      <Filter>Fichiers sources\EtherCard</Filter>
    </ClCompile>
    <ClCompile Include="..\libraries\xPL_ENC28J60\xPL_ENC28J60.cpp">
      <Filter>Fichiers sources</Filter>
    </ClCompile>
    <ClCompile Include="..\libraries\xPL\utility\vstring.cpp">
      <Filter>Fichiers sources</Filter>
    </ClCompile>
    <ClCompile Include="..\libraries\DallasTemperature\DallasTemperature.cpp">
      <Filter>Fichiers sources\Dallas</Filter>
    </ClCompile>
  </ItemGroup>
</Project>