
Microsoft Visual Studio Solution File, Format Version 11.00
# Visual Studio 2010
Project("{8BC9CEB8-8B4A-11D0-8D11-00A0C91BC942}") = "xPL_Lighting_test", "xPL_Lighting.vcxproj", "{B26962FC-86D8-4837-B8A8-791C33860279}"
EndProject
Project("{8BC9CEB8-8B4A-11D0-8D11-00A0C91BC942}") = "xPL_TouchSwitch", "..\xPL_TouchSwitch\xPL_TouchSwitch.vcxproj", "{05EE9E6F-25BB-4CE4-BB8A-2BEDBC4D398C}"
EndProject
Project("{8BC9CEB8-8B4A-11D0-8D11-00A0C91BC942}") = "xPL_Temperature", "..\xPL_Temperature\xPL_Temperature.vcxproj", "{F011575A-AA0F-4392-82F6-4FCECD191790}"
EndProject
Global
	GlobalSection(SolutionConfigurationPlatforms) = preSolution
		Debug|Win32 = Debug|Win32
		Release|Win32 = Release|Win32
	EndGlobalSection
	GlobalSection(ProjectConfigurationPlatforms) = postSolution
		{B26962FC-86D8-4837-B8A8-791C33860279}.Debug|Win32.ActiveCfg = Debug|Win32
		{B26962FC-86D8-4837-B8A8-791C33860279}.Debug|Win32.Build.0 = Debug|Win32
		{B26962FC-86D8-4837-B8A8-791C33860279}.Release|Win32.ActiveCfg = Release|Win32
		{B26962FC-86D8-4837-B8A8-791C33860279}.Release|Win32.Build.0 = Release|Win32
		{05EE9E6F-25BB-4CE4-BB8A-2BEDBC4D398C}.Debug|Win32.ActiveCfg = Debug|Win32
		{05EE9E6F-25BB-4CE4-BB8A-2BEDBC4D398C}.Debug|Win32.Build.0 = Debug|Win32
		{05EE9E6F-25BB-4CE4-BB8A-2BEDBC4D398C}.Release|Win32.ActiveCfg = Release|Win32
		{05EE9E6F-25BB-4CE4-BB8A-2BEDBC4D398C}.Release|Win32.Build.0 = Release|Win32
		{F011575A-AA0F-4392-82F6-4FCECD191790}.Debug|Win32.ActiveCfg = Debug|Win32
		{F011575A-AA0F-4392-82F6-4FCECD191790}.Debug|Win32.Build.0 = Debug|Win32
		{F011575A-AA0F-4392-82F6-4FCECD191790}.Release|Win32.ActiveCfg = Release|Win32
		{F011575A-AA0F-4392-82F6-4FCECD191790}.Release|Win32.Build.0 = Release|Win32
	EndGlobalSection
	GlobalSection(SolutionProperties) = preSolution
		HideSolutionNode = FALSE
	EndGlobalSection
EndGlobal
